Microsoft Visual Studio Solution File, Format Version 12.00
# Visual Studio Version 17
VisualStudioVersion = 17.5.2.0
MinimumVisualStudioVersion = 10.0.40219.1
Project("{FAE04EC0-301F-11D3-BF4B-00C04F79EFBC}") = "seiral-data", "seiral-data.csproj", "{A0EAAF13-8468-AF86-CB5D-94AB058077F6}"
EndProject
Global
	GlobalSection(SolutionConfigurationPlatforms) = preSolution
		Debug|Any CPU = Debug|Any CPU
		Release|Any CPU = Release|Any CPU
	EndGlobalSection
	GlobalSection(ProjectConfigurationPlatforms) = postSolution
		{A0EAAF13-8468-AF86-CB5D-94AB058077F6}.Debug|Any CPU.ActiveCfg = Debug|Any CPU
		{A0EAAF13-8468-AF86-CB5D-94AB058077F6}.Debug|Any CPU.Build.0 = Debug|Any CPU
		{A0EAAF13-8468-AF86-CB5D-94AB058077F6}.Release|Any CPU.ActiveCfg = Release|Any CPU
		{A0EAAF13-8468-AF86-CB5D-94AB058077F6}.Release|Any CPU.Build.0 = Release|Any CPU
	EndGlobalSection
	GlobalSection(SolutionProperties) = preSolution
		HideSolutionNode = FALSE
	EndGlobalSection
	GlobalSection(ExtensibilityGlobals) = postSolution
		SolutionGuid = {027135E7-072D-452C-B5C0-ED777E2F0631}
	EndGlobalSection
EndGlobal
